
Microsoft Visual Studio Solution File, Format Version 12.00
# Visual Studio Version 17
VisualStudioVersion = 17.3.32929.385
MinimumVisualStudioVersion = 10.0.40219.1
Project("{FAE04EC0-301F-11D3-BF4B-00C04F79EFBC}") = "ArrayMin", "ArrayMin\ArrayMin.csproj", "{F9C80A08-D641-4EFC-BA7F-7FFC7020E09D}"
EndProject
Project("{FAE04EC0-301F-11D3-BF4B-00C04F79EFBC}") = "todayCS", "todayCS\todayCS.csproj", "{9657EB32-444D-44B5-A5A0-E742159F9A49}"
EndProject
Project("{FAE04EC0-301F-11D3-BF4B-00C04F79EFBC}") = "ArrayEvent", "ArrayEvent\ArrayEvent.csproj", "{8C9C9D8A-506A-45BE-8E6E-81A58505988F}"
EndProject
Global
	GlobalSection(SolutionConfigurationPlatforms) = preSolution
		Debug|Any CPU = Debug|Any CPU
		Release|Any CPU = Release|Any CPU
	EndGlobalSection
	GlobalSection(ProjectConfigurationPlatforms) = postSolution
		{F9C80A08-D641-4EFC-BA7F-7FFC7020E09D}.Debug|Any CPU.ActiveCfg = Debug|Any CPU
		{F9C80A08-D641-4EFC-BA7F-7FFC7020E09D}.Debug|Any CPU.Build.0 = Debug|Any CPU
		{F9C80A08-D641-4EFC-BA7F-7FFC7020E09D}.Release|Any CPU.ActiveCfg = Release|Any CPU
		{F9C80A08-D641-4EFC-BA7F-7FFC7020E09D}.Release|Any CPU.Build.0 = Release|Any CPU
		{9657EB32-444D-44B5-A5A0-E742159F9A49}.Debug|Any CPU.ActiveCfg = Debug|Any CPU
		{9657EB32-444D-44B5-A5A0-E742159F9A49}.Debug|Any CPU.Build.0 = Debug|Any CPU
		{9657EB32-444D-44B5-A5A0-E742159F9A49}.Release|Any CPU.ActiveCfg = Release|Any CPU
		{9657EB32-444D-44B5-A5A0-E742159F9A49}.Release|Any CPU.Build.0 = Release|Any CPU
		{8C9C9D8A-506A-45BE-8E6E-81A58505988F}.Debug|Any CPU.ActiveCfg = Debug|Any CPU
		{8C9C9D8A-506A-45BE-8E6E-81A58505988F}.Debug|Any CPU.Build.0 = Debug|Any CPU
		{8C9C9D8A-506A-45BE-8E6E-81A58505988F}.Release|Any CPU.ActiveCfg = Release|Any CPU
		{8C9C9D8A-506A-45BE-8E6E-81A58505988F}.Release|Any CPU.Build.0 = Release|Any CPU
	EndGlobalSection
	GlobalSection(SolutionProperties) = preSolution
		HideSolutionNode = FALSE
	EndGlobalSection
	GlobalSection(ExtensibilityGlobals) = postSolution
		SolutionGuid = {F9B66564-2400-40F6-B460-A802959CF801}
	EndGlobalSection
EndGlobal
